
Microsoft Visual Studio Solution File, Format Version 12.00
# Visual Studio 15
VisualStudioVersion = 15.0.27130.2010
MinimumVisualStudioVersion = 10.0.40219.1
Project("{FAE04EC0-301F-11D3-BF4B-00C04F79EFBC}") = "ExcelAddIn1", "ExcelAddIn1.csproj", "{74CC557C-A885-42E1-B990-A2BEFF85F6F1}"
EndProject
Global
	GlobalSection(SolutionConfigurationPlatforms) = preSolution
		Debug|Any CPU = Debug|Any CPU
		Release|Any CPU = Release|Any CPU
	EndGlobalSection
	GlobalSection(ProjectConfigurationPlatforms) = postSolution
		{74CC557C-A885-42E1-B990-A2BEFF85F6F1}.Debug|Any CPU.ActiveCfg = Debug|Any CPU
		{74CC557C-A885-42E1-B990-A2BEFF85F6F1}.Debug|Any CPU.Build.0 = Debug|Any CPU
		{74CC557C-A885-42E1-B990-A2BEFF85F6F1}.Release|Any CPU.ActiveCfg = Release|Any CPU
		{74CC557C-A885-42E1-B990-A2BEFF85F6F1}.Release|Any CPU.Build.0 = Release|Any CPU
	EndGlobalSection
	GlobalSection(SolutionProperties) = preSolution
		HideSolutionNode = FALSE
	EndGlobalSection
	GlobalSection(ExtensibilityGlobals) = postSolution
		SolutionGuid = {F601F99B-E75A-4D32-A3D2-63459533BBA2}
	EndGlobalSection
EndGlobal
